{
  "name": "swarmlab",
  "version": "0.1.0",
  "lockfileVersion": 3,
  "requires": true,
  "packages": {
    "": {
      "name": "swarmlab",
      "version": "0.1.0",
      "workspaces": [
        "core",
        "experiments/*"
      ],
      "devDependencies": {
        "typescript": "^5.5.4"
      },
      "engines": {
        "node": ">=22"
      }
    },
    "core": {
      "name": "@swarmlab/core",
      "version": "0.1.0",
      "engines": {
        "node": ">=22"
      }
    },
    "experiments/00-smoke": {
      "name": "@swarmlab/experiment-00-smoke",
      "version": "0.1.0",
      "dependencies": {
        "@swarmlab/core": "0.1.0"
      }
    },
    "experiments/01-telephone-compiler": {
      "name": "@swarmlab/experiment-01-telephone-compiler",
      "version": "0.1.0",
      "dependencies": {
        "@swarmlab/core": "0.1.0"
      }
    },
    "experiments/02-adversarial-pair": {
      "name": "@swarmlab/experiment-02-adversarial-pair",
      "version": "0.1.0",
      "dependencies": {
        "@swarmlab/core": "0.1.0"
      }
    },
    "experiments/03-prompt-darwinism": {
      "name": "@swarmlab/experiment-03-prompt-darwinism",
      "version": "0.1.0",
      "dependencies": {
        "@swarmlab/core": "0.1.0"
      }
    },
    "experiments/04-consensus-under-lies": {
      "name": "@swarmlab/experiment-04-consensus-under-lies",
      "version": "0.1.0",
      "dependencies": {
        "@swarmlab/core": "0.1.0"
      }
    },
    "experiments/05-bug-telephone": {
      "name": "@swarmlab/experiment-05-bug-telephone",
      "version": "0.1.0",
      "dependencies": {
        "@swarmlab/core": "0.1.0"
      }
    },
    "experiments/06-self-modifying-swarm": {
      "name": "@swarmlab/experiment-06-self-modifying-swarm",
      "version": "0.1.0",
      "dependencies": {
        "@swarmlab/core": "0.1.0"
      }
    },
    "experiments/07-minimal-language": {
      "name": "@swarmlab/experiment-07-minimal-language",
      "version": "0.1.0",
      "dependencies": {
        "@swarmlab/core": "0.1.0"
      }
    },
    "experiments/08-rumor-mill": {
      "name": "@swarmlab/experiment-08-rumor-mill",
      "version": "0.1.0",
      "dependencies": {
        "@swarmlab/core": "0.1.0"
      }
    },
    "experiments/09-overnight-cathedral": {
      "name": "@swarmlab/experiment-09-overnight-cathedral",
      "version": "0.1.0",
      "dependencies": {
        "@swarmlab/core": "0.1.0"
      }
    },
    "node_modules/@swarmlab/core": {
      "resolved": "core",
      "link": true
    },
    "node_modules/@swarmlab/experiment-00-smoke": {
      "resolved": "experiments/00-smoke",
      "link": true
    },
    "node_modules/@swarmlab/experiment-01-telephone-compiler": {
      "resolved": "experiments/01-telephone-compiler",
      "link": true
    },
    "node_modules/@swarmlab/experiment-02-adversarial-pair": {
      "resolved": "experiments/02-adversarial-pair",
      "link": true
    },
    "node_modules/@swarmlab/experiment-03-prompt-darwinism": {
      "resolved": "experiments/03-prompt-darwinism",
      "link": true
    },
    "node_modules/@swarmlab/experiment-04-consensus-under-lies": {
      "resolved": "experiments/04-consensus-under-lies",
      "link": true
    },
    "node_modules/@swarmlab/experiment-05-bug-telephone": {
      "resolved": "experiments/05-bug-telephone",
      "link": true
    },
    "node_modules/@swarmlab/experiment-06-self-modifying-swarm": {
      "resolved": "experiments/06-self-modifying-swarm",
      "link": true
    },
    "node_modules/@swarmlab/experiment-07-minimal-language": {
      "resolved": "experiments/07-minimal-language",
      "link": true
    },
    "node_modules/@swarmlab/experiment-08-rumor-mill": {
      "resolved": "experiments/08-rumor-mill",
      "link": true
    },
    "node_modules/@swarmlab/experiment-09-overnight-cathedral": {
      "resolved": "experiments/09-overnight-cathedral",
      "link": true
    },
    "node_modules/typescript": {
      "version": "5.9.3",
      "resolved": "https://registry.npmjs.org/typescript/-/typescript-5.9.3.tgz",
      "integrity": "sha512-jl1vZzPDinLr9eUt3J/t7V6FgNEw9QjvBPdysz9KfQDD41fQrC2Y4vKQdiaUpFT4bXlb1RHhLpp8wtm6M5TgSw==",
      "dev": true,
      "license": "Apache-2.0",
      "bin": {
        "tsc": "bin/tsc",
        "tsserver": "bin/tsserver"
      },
      "engines": {
        "node": ">=14.17"
      }
    }
  }
}
