{
  "name": "swarmlab",
  "version": "0.1.0",
  "lockfileVersion": 3,
  "requires": true,
  "packages": {
    "": {
      "name": "swarmlab",
      "version": "0.1.0",
      "workspaces": [
        "core",
        "experiments/*"
      ],
      "devDependencies": {
        "typescript": "^5.5.4"
      },
      "engines": {
        "node": ">=22"
      }
    },
    "../../../../../dev/parliament/packages/core": {
      "name": "@parliament/core",
      "version": "0.0.1",
      "dependencies": {
        "@agentcapabilityruntime/core": "^0.2.0",
        "@agentcapabilityruntime/schema": "^0.2.0",
        "@heybeaux/lattice-adapter-parliament": "0.2.1",
        "@heybeaux/lattice-core": "0.1.0",
        "smol-toml": "^1.6.1"
      },
      "devDependencies": {
        "ajv": "^8.17.0",
        "ajv-formats": "^3.0.1"
      }
    },
    "../../../../../dev/sonder/packages/core": {
      "name": "@heybeaux/sonder-core",
      "version": "0.1.2",
      "license": "MIT",
      "dependencies": {
        "better-sqlite3": "^11.6.0",
        "ulidx": "^2.3.0"
      },
      "devDependencies": {
        "@types/better-sqlite3": "^7.6.12",
        "@types/node": "^22.0.0",
        "tsup": "^8.3.0",
        "typescript": "^5.7.0",
        "vitest": "^2.1.0"
      }
    },
    "../../../../../projects/engram/src/reconciliation": {
      "name": "@openengram/reconciliation",
      "version": "0.1.0",
      "license": "Apache-2.0"
    },
    "core": {
      "name": "@swarmlab/core",
      "version": "0.1.0",
      "engines": {
        "node": ">=22"
      }
    },
    "experiments/00-smoke": {
      "name": "@swarmlab/experiment-00-smoke",
      "version": "0.1.0",
      "dependencies": {
        "@swarmlab/core": "0.1.0"
      }
    },
    "experiments/01-telephone-compiler": {
      "name": "@swarmlab/experiment-01-telephone-compiler",
      "version": "0.1.0",
      "dependencies": {
        "@swarmlab/core": "0.1.0"
      }
    },
    "experiments/02-adversarial-pair": {
      "name": "@swarmlab/experiment-02-adversarial-pair",
      "version": "0.1.0",
      "dependencies": {
        "@swarmlab/core": "0.1.0"
      }
    },
    "experiments/03-prompt-darwinism": {
      "name": "@swarmlab/experiment-03-prompt-darwinism",
      "version": "0.1.0",
      "dependencies": {
        "@swarmlab/core": "0.1.0"
      }
    },
    "experiments/04-consensus-under-lies": {
      "name": "@swarmlab/experiment-04-consensus-under-lies",
      "version": "0.1.0",
      "dependencies": {
        "@parliament/core": "file:../../../../../../../dev/parliament/packages/core",
        "@swarmlab/core": "0.1.0"
      }
    },
    "experiments/05-bug-telephone": {
      "name": "@swarmlab/experiment-05-bug-telephone",
      "version": "0.1.0",
      "dependencies": {
        "@swarmlab/core": "0.1.0"
      }
    },
    "experiments/06-self-modifying-swarm": {
      "name": "@swarmlab/experiment-06-self-modifying-swarm",
      "version": "0.1.0",
      "dependencies": {
        "@swarmlab/core": "0.1.0"
      }
    },
    "experiments/07-minimal-language": {
      "name": "@swarmlab/experiment-07-minimal-language",
      "version": "0.1.0",
      "dependencies": {
        "@swarmlab/core": "0.1.0"
      }
    },
    "experiments/08-rumor-mill": {
      "name": "@swarmlab/experiment-08-rumor-mill",
      "version": "0.1.0",
      "dependencies": {
        "@openengram/reconciliation": "file:../../../../../../../projects/engram/src/reconciliation",
        "@swarmlab/core": "0.1.0"
      }
    },
    "experiments/09-overnight-cathedral": {
      "name": "@swarmlab/experiment-09-overnight-cathedral",
      "version": "0.1.0",
      "dependencies": {
        "@swarmlab/core": "0.1.0"
      }
    },
    "experiments/10-economic-agents": {
      "name": "@swarmlab/experiment-10-economic-agents",
      "version": "0.1.0",
      "dependencies": {
        "@swarmlab/core": "0.1.0"
      }
    },
    "experiments/11-reverse-engineer": {
      "name": "@swarmlab/experiment-11-reverse-engineer",
      "version": "0.1.0",
      "dependencies": {
        "@swarmlab/core": "0.1.0"
      }
    },
    "experiments/12-schema-negotiation": {
      "name": "@swarmlab/experiment-12-schema-negotiation",
      "version": "0.1.0",
      "dependencies": {
        "@heybeaux/sonder-core": "file:../../../../../../../dev/sonder/packages/core",
        "@swarmlab/core": "0.1.0"
      }
    },
    "experiments/13-audit-forgery": {
      "name": "@swarmlab/experiment-13-audit-forgery",
      "version": "0.1.0",
      "dependencies": {
        "@swarmlab/core": "0.1.0"
      }
    },
    "experiments/14-delegation-decay": {
      "name": "@swarmlab/experiment-14-delegation-decay",
      "version": "0.1.0",
      "dependencies": {
        "@openengram/reconciliation": "file:../../../../../../../projects/engram/src/reconciliation",
        "@swarmlab/core": "0.1.0"
      }
    },
    "experiments/15-trust-forgiveness": {
      "name": "@swarmlab/experiment-15-trust-forgiveness",
      "version": "0.1.0",
      "dependencies": {
        "@openengram/reconciliation": "file:../../../../../../../projects/engram/src/reconciliation",
        "@swarmlab/core": "0.1.0",
        "@swarmlab/experiment-14-delegation-decay": "0.1.0"
      }
    },
    "node_modules/@heybeaux/sonder-core": {
      "resolved": "../../../../../dev/sonder/packages/core",
      "link": true
    },
    "node_modules/@openengram/reconciliation": {
      "resolved": "../../../../../projects/engram/src/reconciliation",
      "link": true
    },
    "node_modules/@parliament/core": {
      "resolved": "../../../../../dev/parliament/packages/core",
      "link": true
    },
    "node_modules/@swarmlab/core": {
      "resolved": "core",
      "link": true
    },
    "node_modules/@swarmlab/experiment-00-smoke": {
      "resolved": "experiments/00-smoke",
      "link": true
    },
    "node_modules/@swarmlab/experiment-01-telephone-compiler": {
      "resolved": "experiments/01-telephone-compiler",
      "link": true
    },
    "node_modules/@swarmlab/experiment-02-adversarial-pair": {
      "resolved": "experiments/02-adversarial-pair",
      "link": true
    },
    "node_modules/@swarmlab/experiment-03-prompt-darwinism": {
      "resolved": "experiments/03-prompt-darwinism",
      "link": true
    },
    "node_modules/@swarmlab/experiment-04-consensus-under-lies": {
      "resolved": "experiments/04-consensus-under-lies",
      "link": true
    },
    "node_modules/@swarmlab/experiment-05-bug-telephone": {
      "resolved": "experiments/05-bug-telephone",
      "link": true
    },
    "node_modules/@swarmlab/experiment-06-self-modifying-swarm": {
      "resolved": "experiments/06-self-modifying-swarm",
      "link": true
    },
    "node_modules/@swarmlab/experiment-07-minimal-language": {
      "resolved": "experiments/07-minimal-language",
      "link": true
    },
    "node_modules/@swarmlab/experiment-08-rumor-mill": {
      "resolved": "experiments/08-rumor-mill",
      "link": true
    },
    "node_modules/@swarmlab/experiment-09-overnight-cathedral": {
      "resolved": "experiments/09-overnight-cathedral",
      "link": true
    },
    "node_modules/@swarmlab/experiment-10-economic-agents": {
      "resolved": "experiments/10-economic-agents",
      "link": true
    },
    "node_modules/@swarmlab/experiment-11-reverse-engineer": {
      "resolved": "experiments/11-reverse-engineer",
      "link": true
    },
    "node_modules/@swarmlab/experiment-12-schema-negotiation": {
      "resolved": "experiments/12-schema-negotiation",
      "link": true
    },
    "node_modules/@swarmlab/experiment-13-audit-forgery": {
      "resolved": "experiments/13-audit-forgery",
      "link": true
    },
    "node_modules/@swarmlab/experiment-14-delegation-decay": {
      "resolved": "experiments/14-delegation-decay",
      "link": true
    },
    "node_modules/@swarmlab/experiment-15-trust-forgiveness": {
      "resolved": "experiments/15-trust-forgiveness",
      "link": true
    },
    "node_modules/typescript": {
      "version": "5.9.3",
      "resolved": "https://registry.npmjs.org/typescript/-/typescript-5.9.3.tgz",
      "integrity": "sha512-jl1vZzPDinLr9eUt3J/t7V6FgNEw9QjvBPdysz9KfQDD41fQrC2Y4vKQdiaUpFT4bXlb1RHhLpp8wtm6M5TgSw==",
      "dev": true,
      "license": "Apache-2.0",
      "bin": {
        "tsc": "bin/tsc",
        "tsserver": "bin/tsserver"
      },
      "engines": {
        "node": ">=14.17"
      }
    }
  }
}
